{
  "object": {
    "pins": [
      {
        "package": "AWSiOSSDKV2",
        "repositoryURL": "https://github.com/aws-amplify/aws-sdk-ios-spm",
        "state": {
          "branch": null,
          "revision": "e896a99482174275c1d8159828ca357ff7dbbe06",
          "version": "2.26.3"
        }
      }
    ]
  },
  "version": 1
}
